
Microsoft Visual Studio Solution File, Format Version 12.00
# Visual Studio 15
VisualStudioVersion = 15.0.27703.2047
MinimumVisualStudioVersion = 10.0.40219.1
Project("{FAE04EC0-301F-11D3-BF4B-00C04F79EFBC}") = "Pizzaria.Domain", "Pizzaria.Domain\Pizzaria.Domain.csproj", "{4007DEDE-0ACF-4363-9CC6-2A1C509F1DC6}"
EndProject
Project("{2150E333-8FDC-42A3-9474-1A3956D46DE8}") = "3. Dominio", "3. Dominio", "{2DB853E1-9984-4F49-9E47-8EE3A9A87F2C}"
EndProject
Project("{2150E333-8FDC-42A3-9474-1A3956D46DE8}") = "1. Apresentação", "1. Apresentação", "{E96A3F7C-C0F4-4E60-BC66-1B428AAC5B7F}"
EndProject
Project("{FAE04EC0-301F-11D3-BF4B-00C04F79EFBC}") = "Pizzaria", "Pizzaria\Pizzaria.csproj", "{871462FD-811D-4CF0-A8B5-BFE36C6A024A}"
EndProject
Project("{2150E333-8FDC-42A3-9474-1A3956D46DE8}") = "4. Infra", "4. Infra", "{6F7783CE-36F5-4445-91DB-BFE8B215A6F1}"
EndProject
Project("{FAE04EC0-301F-11D3-BF4B-00C04F79EFBC}") = "Pizzaria.Infra.ORM", "Pizzaria.Infra.ORM\Pizzaria.Infra.ORM.csproj", "{FCFE6C67-EE6A-4D9F-8987-344D22AD3FB3}"
EndProject
Project("{2150E333-8FDC-42A3-9474-1A3956D46DE8}") = "Testes", "Testes", "{5D423D75-7EF9-4855-9BFE-23F9157370B7}"
EndProject
Project("{FAE04EC0-301F-11D3-BF4B-00C04F79EFBC}") = "TestesEF", "TestesEF\TestesEF.csproj", "{372FB501-BDA0-40AD-A73E-4EEB4C4B9FE5}"
EndProject
Project("{2150E333-8FDC-42A3-9474-1A3956D46DE8}") = "2. Serviço", "2. Serviço", "{161DD8FA-8E4D-4857-9785-2C67BDEB8302}"
EndProject
Project("{FAE04EC0-301F-11D3-BF4B-00C04F79EFBC}") = "Pizzaria.Aplicacao", "Pizzaria.Aplicacao\Pizzaria.Aplicacao.csproj", "{5EA15A43-F555-41A6-8643-A2FFF2ACD2D1}"
EndProject
Project("{FAE04EC0-301F-11D3-BF4B-00C04F79EFBC}") = "Pizzaria.Infra", "Pizzaria.Infra\Pizzaria.Infra.csproj", "{C7187974-50A3-4D1D-822E-9A20BD13C55F}"
EndProject
Global
	GlobalSection(SolutionConfigurationPlatforms) = preSolution
		Debug|Any CPU = Debug|Any CPU
		Release|Any CPU = Release|Any CPU
	EndGlobalSection
	GlobalSection(ProjectConfigurationPlatforms) = postSolution
		{4007DEDE-0ACF-4363-9CC6-2A1C509F1DC6}.Debug|Any CPU.ActiveCfg = Debug|Any CPU
		{4007DEDE-0ACF-4363-9CC6-2A1C509F1DC6}.Debug|Any CPU.Build.0 = Debug|Any CPU
		{4007DEDE-0ACF-4363-9CC6-2A1C509F1DC6}.Release|Any CPU.ActiveCfg = Release|Any CPU
		{4007DEDE-0ACF-4363-9CC6-2A1C509F1DC6}.Release|Any CPU.Build.0 = Release|Any CPU
		{871462FD-811D-4CF0-A8B5-BFE36C6A024A}.Debug|Any CPU.ActiveCfg = Debug|Any CPU
		{871462FD-811D-4CF0-A8B5-BFE36C6A024A}.Debug|Any CPU.Build.0 = Debug|Any CPU
		{871462FD-811D-4CF0-A8B5-BFE36C6A024A}.Release|Any CPU.ActiveCfg = Release|Any CPU
		{871462FD-811D-4CF0-A8B5-BFE36C6A024A}.Release|Any CPU.Build.0 = Release|Any CPU
		{FCFE6C67-EE6A-4D9F-8987-344D22AD3FB3}.Debug|Any CPU.ActiveCfg = Debug|Any CPU
		{FCFE6C67-EE6A-4D9F-8987-344D22AD3FB3}.Debug|Any CPU.Build.0 = Debug|Any CPU
		{FCFE6C67-EE6A-4D9F-8987-344D22AD3FB3}.Release|Any CPU.ActiveCfg = Release|Any CPU
		{FCFE6C67-EE6A-4D9F-8987-344D22AD3FB3}.Release|Any CPU.Build.0 = Release|Any CPU
		{372FB501-BDA0-40AD-A73E-4EEB4C4B9FE5}.Debug|Any CPU.ActiveCfg = Debug|Any CPU
		{372FB501-BDA0-40AD-A73E-4EEB4C4B9FE5}.Debug|Any CPU.Build.0 = Debug|Any CPU
		{372FB501-BDA0-40AD-A73E-4EEB4C4B9FE5}.Release|Any CPU.ActiveCfg = Release|Any CPU
		{372FB501-BDA0-40AD-A73E-4EEB4C4B9FE5}.Release|Any CPU.Build.0 = Release|Any CPU
		{5EA15A43-F555-41A6-8643-A2FFF2ACD2D1}.Debug|Any CPU.ActiveCfg = Debug|Any CPU
		{5EA15A43-F555-41A6-8643-A2FFF2ACD2D1}.Debug|Any CPU.Build.0 = Debug|Any CPU
		{5EA15A43-F555-41A6-8643-A2FFF2ACD2D1}.Release|Any CPU.ActiveCfg = Release|Any CPU
		{5EA15A43-F555-41A6-8643-A2FFF2ACD2D1}.Release|Any CPU.Build.0 = Release|Any CPU
		{C7187974-50A3-4D1D-822E-9A20BD13C55F}.Debug|Any CPU.ActiveCfg = Debug|Any CPU
		{C7187974-50A3-4D1D-822E-9A20BD13C55F}.Debug|Any CPU.Build.0 = Debug|Any CPU
		{C7187974-50A3-4D1D-822E-9A20BD13C55F}.Release|Any CPU.ActiveCfg = Release|Any CPU
		{C7187974-50A3-4D1D-822E-9A20BD13C55F}.Release|Any CPU.Build.0 = Release|Any CPU
	EndGlobalSection
	GlobalSection(SolutionProperties) = preSolution
		HideSolutionNode = FALSE
	EndGlobalSection
	GlobalSection(NestedProjects) = preSolution
		{4007DEDE-0ACF-4363-9CC6-2A1C509F1DC6} = {2DB853E1-9984-4F49-9E47-8EE3A9A87F2C}
		{871462FD-811D-4CF0-A8B5-BFE36C6A024A} = {E96A3F7C-C0F4-4E60-BC66-1B428AAC5B7F}
		{FCFE6C67-EE6A-4D9F-8987-344D22AD3FB3} = {6F7783CE-36F5-4445-91DB-BFE8B215A6F1}
		{372FB501-BDA0-40AD-A73E-4EEB4C4B9FE5} = {5D423D75-7EF9-4855-9BFE-23F9157370B7}
		{5EA15A43-F555-41A6-8643-A2FFF2ACD2D1} = {161DD8FA-8E4D-4857-9785-2C67BDEB8302}
		{C7187974-50A3-4D1D-822E-9A20BD13C55F} = {6F7783CE-36F5-4445-91DB-BFE8B215A6F1}
	EndGlobalSection
	GlobalSection(ExtensibilityGlobals) = postSolution
		SolutionGuid = {5BE73239-3095-4AF4-945E-D7F0802DB026}
	EndGlobalSection
EndGlobal
